// !$*UTF8*$!
{
	archiveVersion = 1;
	classes = {
	};
	objectVersion = 56;
	objects = {

/* Begin PBXBuildFile section */
		BB100001 /* QuickNotesApp.swift in Sources */ = {isa = PBXBuildFile; fileRef = AA100001 /* QuickNotesApp.swift */; };
		BB100002 /* AppDelegate.swift in Sources */ = {isa = PBXBuildFile; fileRef = AA100002 /* AppDelegate.swift */; };
		BB100003 /* ContentView.swift in Sources */ = {isa = PBXBuildFile; fileRef = AA100003 /* ContentView.swift */; };
		BB100004 /* Note.swift in Sources */ = {isa = PBXBuildFile; fileRef = AA100004 /* Note.swift */; };
		BB100005 /* NoteStore.swift in Sources */ = {isa = PBXBuildFile; fileRef = AA100005 /* NoteStore.swift */; };
		BB100006 /* NoteListView.swift in Sources */ = {isa = PBXBuildFile; fileRef = AA100006 /* NoteListView.swift */; };
		BB100007 /* NoteDetailView.swift in Sources */ = {isa = PBXBuildFile; fileRef = AA100007 /* NoteDetailView.swift */; };
		BB100008 /* LockManager.swift in Sources */ = {isa = PBXBuildFile; fileRef = AA100008 /* LockManager.swift */; };
		BB100009 /* SettingsStore.swift in Sources */ = {isa = PBXBuildFile; fileRef = AA100009 /* SettingsStore.swift */; };
		BB100010 /* SettingsView.swift in Sources */ = {isa = PBXBuildFile; fileRef = AA100010 /* SettingsView.swift */; };
		BB100011 /* Assets.xcassets in Resources */ = {isa = PBXBuildFile; fileRef = AA100012 /* Assets.xcassets */; };
		BB100012 /* ReliableHelp.swift in Sources */ = {isa = PBXBuildFile; fileRef = AA100013 /* ReliableHelp.swift */; };
		BB100013 /* BiometricAuth.swift in Sources */ = {isa = PBXBuildFile; fileRef = AA100014 /* BiometricAuth.swift */; };
		BB100014 /* KeychainStore.swift in Sources */ = {isa = PBXBuildFile; fileRef = AA100015 /* KeychainStore.swift */; };
		BB100015 /* HotkeyManager.swift in Sources */ = {isa = PBXBuildFile; fileRef = AA100016 /* HotkeyManager.swift */; };
		BB100016 /* LinkAwareTextEditor.swift in Sources */ = {isa = PBXBuildFile; fileRef = AA100017 /* LinkAwareTextEditor.swift */; };
/* End PBXBuildFile section */

/* Begin PBXFileReference section */
		AA100001 /* QuickNotesApp.swift */ = {isa = PBXFileReference; lastKnownFileType = sourcecode.swift; path = QuickNotesApp.swift; sourceTree = "<group>"; };
		AA100002 /* AppDelegate.swift */ = {isa = PBXFileReference; lastKnownFileType = sourcecode.swift; path = AppDelegate.swift; sourceTree = "<group>"; };
		AA100003 /* ContentView.swift */ = {isa = PBXFileReference; lastKnownFileType = sourcecode.swift; path = ContentView.swift; sourceTree = "<group>"; };
		AA100004 /* Note.swift */ = {isa = PBXFileReference; lastKnownFileType = sourcecode.swift; path = Note.swift; sourceTree = "<group>"; };
		AA100005 /* NoteStore.swift */ = {isa = PBXFileReference; lastKnownFileType = sourcecode.swift; path = NoteStore.swift; sourceTree = "<group>"; };
		AA100006 /* NoteListView.swift */ = {isa = PBXFileReference; lastKnownFileType = sourcecode.swift; path = NoteListView.swift; sourceTree = "<group>"; };
		AA100007 /* NoteDetailView.swift */ = {isa = PBXFileReference; lastKnownFileType = sourcecode.swift; path = NoteDetailView.swift; sourceTree = "<group>"; };
		AA100008 /* LockManager.swift */ = {isa = PBXFileReference; lastKnownFileType = sourcecode.swift; path = LockManager.swift; sourceTree = "<group>"; };
		AA100009 /* SettingsStore.swift */ = {isa = PBXFileReference; lastKnownFileType = sourcecode.swift; path = SettingsStore.swift; sourceTree = "<group>"; };
		AA100010 /* SettingsView.swift */ = {isa = PBXFileReference; lastKnownFileType = sourcecode.swift; path = SettingsView.swift; sourceTree = "<group>"; };
		AA100011 /* Info.plist */ = {isa = PBXFileReference; lastKnownFileType = text.plist.xml; path = Info.plist; sourceTree = "<group>"; };
		AA100012 /* Assets.xcassets */ = {isa = PBXFileReference; lastKnownFileType = folder.assetcatalog; path = Assets.xcassets; sourceTree = "<group>"; };
		AA100013 /* ReliableHelp.swift */ = {isa = PBXFileReference; lastKnownFileType = sourcecode.swift; path = ReliableHelp.swift; sourceTree = "<group>"; };
		AA100014 /* BiometricAuth.swift */ = {isa = PBXFileReference; lastKnownFileType = sourcecode.swift; path = BiometricAuth.swift; sourceTree = "<group>"; };
		AA100015 /* KeychainStore.swift */ = {isa = PBXFileReference; lastKnownFileType = sourcecode.swift; path = KeychainStore.swift; sourceTree = "<group>"; };
		AA100016 /* HotkeyManager.swift */ = {isa = PBXFileReference; lastKnownFileType = sourcecode.swift; path = HotkeyManager.swift; sourceTree = "<group>"; };
		AA100017 /* LinkAwareTextEditor.swift */ = {isa = PBXFileReference; lastKnownFileType = sourcecode.swift; path = LinkAwareTextEditor.swift; sourceTree = "<group>"; };
		CC100005 /* QuickNotes.app */ = {isa = PBXFileReference; explicitFileType = wrapper.application; includeInIndex = 0; path = QuickNotes.app; sourceTree = BUILT_PRODUCTS_DIR; };
/* End PBXFileReference section */

/* Begin PBXFrameworksBuildPhase section */
		CC100008 /* Frameworks */ = {
			isa = PBXFrameworksBuildPhase;
			buildActionMask = 2147483647;
			files = (
			);
			runOnlyForDeploymentPostprocessing = 0;
		};
/* End PBXFrameworksBuildPhase section */

/* Begin PBXGroup section */
		CC100000 = {
			isa = PBXGroup;
			children = (
				CC100003 /* QuickNotes */,
				CC100004 /* Products */,
			);
			sourceTree = "<group>";
		};
		CC100003 /* QuickNotes */ = {
			isa = PBXGroup;
			children = (
				AA100001 /* QuickNotesApp.swift */,
				AA100002 /* AppDelegate.swift */,
				AA100003 /* ContentView.swift */,
				AA100004 /* Note.swift */,
				AA100005 /* NoteStore.swift */,
				AA100006 /* NoteListView.swift */,
				AA100007 /* NoteDetailView.swift */,
				AA100008 /* LockManager.swift */,
				AA100009 /* SettingsStore.swift */,
				AA100010 /* SettingsView.swift */,
				AA100013 /* ReliableHelp.swift */,
				AA100014 /* BiometricAuth.swift */,
				AA100015 /* KeychainStore.swift */,
				AA100016 /* HotkeyManager.swift */,
				AA100017 /* LinkAwareTextEditor.swift */,
				AA100012 /* Assets.xcassets */,
				AA100011 /* Info.plist */,
			);
			path = QuickNotes;
			sourceTree = "<group>";
		};
		CC100004 /* Products */ = {
			isa = PBXGroup;
			children = (
				CC100005 /* QuickNotes.app */,
			);
			name = Products;
			sourceTree = "<group>";
		};
/* End PBXGroup section */

/* Begin PBXNativeTarget section */
		CC100002 /* QuickNotes */ = {
			isa = PBXNativeTarget;
			buildConfigurationList = CC100014 /* Build configuration list for PBXNativeTarget "QuickNotes" */;
			buildPhases = (
				CC100006 /* Sources */,
				CC100008 /* Frameworks */,
				CC100007 /* Resources */,
			);
			buildRules = (
			);
			dependencies = (
			);
			name = QuickNotes;
			productName = QuickNotes;
			productReference = CC100005 /* QuickNotes.app */;
			productType = "com.apple.product-type.application";
		};
/* End PBXNativeTarget section */

/* Begin PBXProject section */
		CC100001 /* Project object */ = {
			isa = PBXProject;
			attributes = {
				BuildIndependentTargetsInParallel = 1;
				LastSwiftUpdateCheck = 1500;
				LastUpgradeCheck = 1500;
				TargetAttributes = {
					CC100002 = {
						CreatedOnToolsVersion = 15.0;
					};
				};
			};
			buildConfigurationList = CC100013 /* Build configuration list for PBXProject "QuickNotes" */;
			compatibilityVersion = "Xcode 14.0";
			developmentRegion = en;
			hasScannedForEncodings = 0;
			knownRegions = (
				en,
				Base,
			);
			mainGroup = CC100000;
			productRefGroup = CC100004 /* Products */;
			projectDirPath = "";
			projectRoot = "";
			targets = (
				CC100002 /* QuickNotes */,
			);
		};
/* End PBXProject section */

/* Begin PBXResourcesBuildPhase section */
		CC100007 /* Resources */ = {
			isa = PBXResourcesBuildPhase;
			buildActionMask = 2147483647;
			files = (
				BB100011 /* Assets.xcassets in Resources */,
			);
			runOnlyForDeploymentPostprocessing = 0;
		};
/* End PBXResourcesBuildPhase section */

/* Begin PBXSourcesBuildPhase section */
		CC100006 /* Sources */ = {
			isa = PBXSourcesBuildPhase;
			buildActionMask = 2147483647;
			files = (
				BB100001 /* QuickNotesApp.swift in Sources */,
				BB100002 /* AppDelegate.swift in Sources */,
				BB100003 /* ContentView.swift in Sources */,
				BB100004 /* Note.swift in Sources */,
				BB100005 /* NoteStore.swift in Sources */,
				BB100006 /* NoteListView.swift in Sources */,
				BB100007 /* NoteDetailView.swift in Sources */,
				BB100008 /* LockManager.swift in Sources */,
				BB100009 /* SettingsStore.swift in Sources */,
				BB100010 /* SettingsView.swift in Sources */,
				BB100012 /* ReliableHelp.swift in Sources */,
				BB100013 /* BiometricAuth.swift in Sources */,
				BB100014 /* KeychainStore.swift in Sources */,
				BB100015 /* HotkeyManager.swift in Sources */,
				BB100016 /* LinkAwareTextEditor.swift in Sources */,
			);
			runOnlyForDeploymentPostprocessing = 0;
		};
/* End PBXSourcesBuildPhase section */

/* Begin XCBuildConfiguration section */
		CC100009 /* Debug */ = {
			isa = XCBuildConfiguration;
			buildSettings = {
				ALWAYS_SEARCH_USER_PATHS = NO;
				ASSETCATALOG_COMPILER_APPICON_NAME = AppIcon;
				ASSETCATALOG_COMPILER_GLOBAL_ACCENT_COLOR_NAME = AccentColor;
				CLANG_ANALYZER_NONNULL = YES;
				CLANG_ANALYZER_NUMBER_OBJECT_CONVERSION = YES_AGGRESSIVE;
				CLANG_CXX_LANGUAGE_STANDARD = "gnu++20";
				CLANG_ENABLE_MODULES = YES;
				CLANG_ENABLE_OBJC_ARC = YES;
				CLANG_ENABLE_OBJC_WEAK = YES;
				CLANG_WARN_BOOL_CONVERSION = YES;
				CLANG_WARN_CONSTANT_CONVERSION = YES;
				CLANG_WARN_DIRECT_IVAR_ACCESS = YES;
				CLANG_WARN_EMPTY_BODY = YES;
				CLANG_WARN_ENUM_CONVERSION = YES;
				CLANG_WARN_INFINITE_RECURSION = YES;
				CLANG_WARN_INT_CONVERSION = YES;
				CLANG_WARN_NON_LITERAL_NULL_CONVERSION = YES;
				CLANG_WARN_OBJC_IMPLICIT_RETAIN_SELF = YES;
				CLANG_WARN_OBJC_LITERAL_CONVERSION = YES;
				CLANG_WARN_RANGE_LOOP_ANALYSIS = YES;
				CLANG_WARN_STRICT_PROTOTYPES = YES;
				CLANG_WARN_SUSPICIOUS_MOVE = YES;
				CLANG_WARN_UNINITIALIZED = YES;
				CLANG_WARN_UNREACHABLE_CODE = YES;
				CLANG_WARN__DUPLICATE_METHOD_MATCH = YES;
				COPY_PHASE_STRIP = NO;
				ENABLE_STRICT_OBJC_MSGSEND = YES;
				GCC_C_LANGUAGE_STANDARD = gnu17;
				GCC_NO_COMMON_BLOCKS = YES;
				GCC_WARN_64_TO_32_BIT_CONVERSION = YES;
				GCC_WARN_ABOUT_RETURN_TYPE = YES_ERROR;
				GCC_WARN_UNDECLARED_SELECTOR = YES;
				GCC_WARN_UNINITIALIZED_AUTOS = YES_AGGRESSIVE;
				GCC_WARN_UNUSED_FUNCTION = YES;
				GCC_WARN_UNUSED_VARIABLE = YES;
				MACOSX_DEPLOYMENT_TARGET = 14.0;
				MTL_ENABLE_DEBUG_INFO = INCLUDE_SOURCE;
				MTL_FAST_MATH = YES;
				ONLY_ACTIVE_ARCH = YES;
				SDKROOT = macosx;
				SWIFT_ACTIVE_COMPILATION_CONDITIONS = DEBUG;
				SWIFT_OPTIMIZATION_LEVEL = "-Onone";
			};
			name = Debug;
		};
		CC100010 /* Release */ = {
			isa = XCBuildConfiguration;
			buildSettings = {
				ALWAYS_SEARCH_USER_PATHS = NO;
				ASSETCATALOG_COMPILER_APPICON_NAME = AppIcon;
				ASSETCATALOG_COMPILER_GLOBAL_ACCENT_COLOR_NAME = AccentColor;
				CLANG_ANALYZER_NONNULL = YES;
				CLANG_ANALYZER_NUMBER_OBJECT_CONVERSION = YES_AGGRESSIVE;
				CLANG_CXX_LANGUAGE_STANDARD = "gnu++20";
				CLANG_ENABLE_MODULES = YES;
				CLANG_ENABLE_OBJC_ARC = YES;
				CLANG_ENABLE_OBJC_WEAK = YES;
				CLANG_WARN_BOOL_CONVERSION = YES;
				CLANG_WARN_CONSTANT_CONVERSION = YES;
				CLANG_WARN_DIRECT_IVAR_ACCESS = YES;
				CLANG_WARN_EMPTY_BODY = YES;
				CLANG_WARN_ENUM_CONVERSION = YES;
				CLANG_WARN_INFINITE_RECURSION = YES;
				CLANG_WARN_INT_CONVERSION = YES;
				CLANG_WARN_NON_LITERAL_NULL_CONVERSION = YES;
				CLANG_WARN_OBJC_IMPLICIT_RETAIN_SELF = YES;
				CLANG_WARN_OBJC_LITERAL_CONVERSION = YES;
				CLANG_WARN_RANGE_LOOP_ANALYSIS = YES;
				CLANG_WARN_STRICT_PROTOTYPES = YES;
				CLANG_WARN_SUSPICIOUS_MOVE = YES;
				CLANG_WARN_UNINITIALIZED = YES;
				CLANG_WARN_UNREACHABLE_CODE = YES;
				CLANG_WARN__DUPLICATE_METHOD_MATCH = YES;
				COPY_PHASE_STRIP = NO;
				DEBUG_INFORMATION_FORMAT = "dwarf-with-dsym";
				ENABLE_NS_ASSERTIONS = NO;
				ENABLE_STRICT_OBJC_MSGSEND = YES;
				GCC_C_LANGUAGE_STANDARD = gnu17;
				GCC_NO_COMMON_BLOCKS = YES;
				GCC_WARN_64_TO_32_BIT_CONVERSION = YES;
				GCC_WARN_ABOUT_RETURN_TYPE = YES_ERROR;
				GCC_WARN_UNDECLARED_SELECTOR = YES;
				GCC_WARN_UNINITIALIZED_AUTOS = YES_AGGRESSIVE;
				GCC_WARN_UNUSED_FUNCTION = YES;
				GCC_WARN_UNUSED_VARIABLE = YES;
				MACOSX_DEPLOYMENT_TARGET = 14.0;
				MTL_ENABLE_DEBUG_INFO = NO;
				MTL_FAST_MATH = YES;
				SDKROOT = macosx;
				SWIFT_COMPILATION_MODE = wholemodule;
				SWIFT_OPTIMIZATION_LEVEL = "-O";
			};
			name = Release;
		};
		CC100011 /* Debug */ = {
			isa = XCBuildConfiguration;
			buildSettings = {
				CODE_SIGN_ENTITLEMENTS = "";
				"CODE_SIGN_IDENTITY[sdk=macosx*]" = "Apple Development";
				CODE_SIGN_STYLE = Automatic;
				COMBINE_HIDPI_IMAGES = YES;
				CURRENT_PROJECT_VERSION = 1;
				DEVELOPMENT_TEAM = 47T99HK7GU;
				ENABLE_PREVIEWS = YES;
				GENERATE_INFOPLIST_FILE = NO;
				INFOPLIST_FILE = QuickNotes/Info.plist;
				INFOPLIST_KEY_CFBundleDisplayName = QuickNotes;
				INFOPLIST_KEY_LSApplicationCategoryType = "public.app-category.utilities";
				LD_RUNPATH_SEARCH_PATHS = (
					"$(inherited)",
					"@executable_path/../Frameworks",
				);
				MARKETING_VERSION = 1.0;
				PRODUCT_BUNDLE_IDENTIFIER = com.quicknotes.app;
				PRODUCT_NAME = "$(TARGET_NAME)";
				SWIFT_EMIT_LOC_STRINGS = YES;
				SWIFT_VERSION = 5.0;
			};
			name = Debug;
		};
		CC100012 /* Release */ = {
			isa = XCBuildConfiguration;
			buildSettings = {
				AUTOMATION_APPLE_EVENTS = NO;
				CODE_SIGN_ENTITLEMENTS = "";
				"CODE_SIGN_IDENTITY[sdk=macosx*]" = "Apple Development";
				CODE_SIGN_STYLE = Automatic;
				COMBINE_HIDPI_IMAGES = YES;
				CURRENT_PROJECT_VERSION = 1;
				DEVELOPMENT_TEAM = 47T99HK7GU;
				ENABLE_HARDENED_RUNTIME = YES;
				ENABLE_PREVIEWS = YES;
				ENABLE_RESOURCE_ACCESS_AUDIO_INPUT = NO;
				ENABLE_RESOURCE_ACCESS_CALENDARS = NO;
				ENABLE_RESOURCE_ACCESS_CAMERA = NO;
				ENABLE_RESOURCE_ACCESS_CONTACTS = NO;
				ENABLE_RESOURCE_ACCESS_LOCATION = NO;
				ENABLE_RESOURCE_ACCESS_PHOTO_LIBRARY = NO;
				GENERATE_INFOPLIST_FILE = NO;
				INFOPLIST_FILE = QuickNotes/Info.plist;
				INFOPLIST_KEY_CFBundleDisplayName = QuickNotes;
				INFOPLIST_KEY_LSApplicationCategoryType = "public.app-category.utilities";
				LD_RUNPATH_SEARCH_PATHS = (
					"$(inherited)",
					"@executable_path/../Frameworks",
				);
				MARKETING_VERSION = 1.0;
				PRODUCT_BUNDLE_IDENTIFIER = com.quicknotes.app;
				PRODUCT_NAME = "$(TARGET_NAME)";
				RUNTIME_EXCEPTION_ALLOW_DYLD_ENVIRONMENT_VARIABLES = NO;
				RUNTIME_EXCEPTION_ALLOW_JIT = NO;
				RUNTIME_EXCEPTION_ALLOW_UNSIGNED_EXECUTABLE_MEMORY = NO;
				RUNTIME_EXCEPTION_DEBUGGING_TOOL = NO;
				RUNTIME_EXCEPTION_DISABLE_EXECUTABLE_PAGE_PROTECTION = NO;
				RUNTIME_EXCEPTION_DISABLE_LIBRARY_VALIDATION = NO;
				SWIFT_EMIT_LOC_STRINGS = YES;
				SWIFT_VERSION = 5.0;
			};
			name = Release;
		};
/* End XCBuildConfiguration section */

/* Begin XCConfigurationList section */
		CC100013 /* Build configuration list for PBXProject "QuickNotes" */ = {
			isa = XCConfigurationList;
			buildConfigurations = (
				CC100009 /* Debug */,
				CC100010 /* Release */,
			);
			defaultConfigurationIsVisible = 0;
			defaultConfigurationName = Release;
		};
		CC100014 /* Build configuration list for PBXNativeTarget "QuickNotes" */ = {
			isa = XCConfigurationList;
			buildConfigurations = (
				CC100011 /* Debug */,
				CC100012 /* Release */,
			);
			defaultConfigurationIsVisible = 0;
			defaultConfigurationName = Release;
		};
/* End XCConfigurationList section */
	};
	rootObject = CC100001 /* Project object */;
}
